{
  "version": 4,
  "terraform_version": "1.9.8",
  "serial": 1,
  "lineage": "026cd724-ce41-9284-3a64-ae62cb4a3566",
  "outputs": {},
  "resources": [
    {
      "mode": "managed",
      "type": "spotify_playlist",
      "name": "Bangers",
      "provider": "provider[\"registry.terraform.io/conradludgate/spotify\"]",
      "instances": [
        {
          "schema_version": 0,
          "attributes": {
            "description": null,
            "id": "0Yub2TAbS7KWPrFlLaL1v9",
            "name": "OG",
            "public": true,
            "snapshot_id": "AAAAAo9LgUesRTfzY7pR4JGVl2NJkdyh",
            "tracks": [
              "39LLxExYz6ewLAcYrzQQyP"
            ]
          },
          "sensitive_attributes": [],
          "private": "bnVsbA=="
        }
      ]
    }
  ],
  "check_results": null
}
